
Microsoft Visual Studio Solution File, Format Version 12.00
# Visual Studio Version 17
VisualStudioVersion = 17.4.33213.308
MinimumVisualStudioVersion = 10.0.40219.1
Project("{9A19103F-16F7-4668-BE54-9A1E7A4F7556}") = "EmailService", "EmailService\EmailService.csproj", "{811AA5B8-7A5A-470F-8959-FF2710C0B055}"
EndProject
Project("{E53339B2-1760-4266-BCC7-CA923CBCF16C}") = "docker-compose", "docker-compose.dcproj", "{D1CA4B57-6CD9-4249-A4E0-9CAA8C9DDAC0}"
EndProject
Project("{9A19103F-16F7-4668-BE54-9A1E7A4F7556}") = "RaiseNow", "RaiseNow\RaiseNow.csproj", "{E1245C74-E2E7-486C-B08E-71FF0185749D}"
EndProject
Global
	GlobalSection(SolutionConfigurationPlatforms) = preSolution
		Debug|Any CPU = Debug|Any CPU
		Release|Any CPU = Release|Any CPU
	EndGlobalSection
	GlobalSection(ProjectConfigurationPlatforms) = postSolution
		{811AA5B8-7A5A-470F-8959-FF2710C0B055}.Debug|Any CPU.ActiveCfg = Debug|Any CPU
		{811AA5B8-7A5A-470F-8959-FF2710C0B055}.Debug|Any CPU.Build.0 = Debug|Any CPU
		{811AA5B8-7A5A-470F-8959-FF2710C0B055}.Release|Any CPU.ActiveCfg = Release|Any CPU
		{811AA5B8-7A5A-470F-8959-FF2710C0B055}.Release|Any CPU.Build.0 = Release|Any CPU
		{D1CA4B57-6CD9-4249-A4E0-9CAA8C9DDAC0}.Debug|Any CPU.ActiveCfg = Debug|Any CPU
		{D1CA4B57-6CD9-4249-A4E0-9CAA8C9DDAC0}.Debug|Any CPU.Build.0 = Debug|Any CPU
		{D1CA4B57-6CD9-4249-A4E0-9CAA8C9DDAC0}.Release|Any CPU.ActiveCfg = Release|Any CPU
		{D1CA4B57-6CD9-4249-A4E0-9CAA8C9DDAC0}.Release|Any CPU.Build.0 = Release|Any CPU
		{E1245C74-E2E7-486C-B08E-71FF0185749D}.Debug|Any CPU.ActiveCfg = Debug|Any CPU
		{E1245C74-E2E7-486C-B08E-71FF0185749D}.Debug|Any CPU.Build.0 = Debug|Any CPU
		{E1245C74-E2E7-486C-B08E-71FF0185749D}.Release|Any CPU.ActiveCfg = Release|Any CPU
		{E1245C74-E2E7-486C-B08E-71FF0185749D}.Release|Any CPU.Build.0 = Release|Any CPU
	EndGlobalSection
	GlobalSection(SolutionProperties) = preSolution
		HideSolutionNode = FALSE
	EndGlobalSection
	GlobalSection(ExtensibilityGlobals) = postSolution
		SolutionGuid = {4861CFF9-4B00-4691-B6D0-1040BDD2D30D}
	EndGlobalSection
EndGlobal
